// !$*UTF8*$!
{
	archiveVersion = 1;
	classes = {
	};
	objectVersion = 56;
	objects = {

/* Begin PBXBuildFile section */
		9E7EF4E92B346C3A003142AF /* DemoPages in Frameworks */ = {isa = PBXBuildFile; productRef = 9E7EF4E82B346C3A003142AF /* DemoPages */; };
		9ED968FA2B18B3EA00E3EF4F /* Assets.xcassets in Resources */ = {isa = PBXBuildFile; fileRef = 9ED968F92B18B3EA00E3EF4F /* Assets.xcassets */; };
		9ED968FE2B18B3EA00E3EF4F /* Preview Assets.xcassets in Resources */ = {isa = PBXBuildFile; fileRef = 9ED968FD2B18B3EA00E3EF4F /* Preview Assets.xcassets */; };
		9ED969092B18B3EA00E3EF4F /* SwiftUIPageDemosTests.swift in Sources */ = {isa = PBXBuildFile; fileRef = 9ED969082B18B3EA00E3EF4F /* SwiftUIPageDemosTests.swift */; };
		9ED969132B18B3EA00E3EF4F /* SwiftUIPageDemosUITests.swift in Sources */ = {isa = PBXBuildFile; fileRef = 9ED969122B18B3EA00E3EF4F /* SwiftUIPageDemosUITests.swift */; };
		9ED969152B18B3EA00E3EF4F /* SwiftUIPageDemosUITestsLaunchTests.swift in Sources */ = {isa = PBXBuildFile; fileRef = 9ED969142B18B3EA00E3EF4F /* SwiftUIPageDemosUITestsLaunchTests.swift */; };
		9ED969242B18C42300E3EF4F /* I18NResource in Frameworks */ = {isa = PBXBuildFile; productRef = 9ED969232B18C42300E3EF4F /* I18NResource */; };
/* End PBXBuildFile section */

/* Begin PBXContainerItemProxy section */
		9ED969052B18B3EA00E3EF4F /* PBXContainerItemProxy */ = {
			isa = PBXContainerItemProxy;
			containerPortal = 9ED968E82B18B3E900E3EF4F /* Project object */;
			proxyType = 1;
			remoteGlobalIDString = 9ED968EF2B18B3E900E3EF4F;
			remoteInfo = SwiftUIPageDemos;
		};
		9ED9690F2B18B3EA00E3EF4F /* PBXContainerItemProxy */ = {
			isa = PBXContainerItemProxy;
			containerPortal = 9ED968E82B18B3E900E3EF4F /* Project object */;
			proxyType = 1;
			remoteGlobalIDString = 9ED968EF2B18B3E900E3EF4F;
			remoteInfo = SwiftUIPageDemos;
		};
/* End PBXContainerItemProxy section */

/* Begin PBXFileReference section */
		9ED968F02B18B3E900E3EF4F /* SwiftUIPageDemos.app */ = {isa = PBXFileReference; explicitFileType = wrapper.application; includeInIndex = 0; path = SwiftUIPageDemos.app; sourceTree = BUILT_PRODUCTS_DIR; };
		9ED968F92B18B3EA00E3EF4F /* Assets.xcassets */ = {isa = PBXFileReference; lastKnownFileType = folder.assetcatalog; path = Assets.xcassets; sourceTree = "<group>"; };
		9ED968FB2B18B3EA00E3EF4F /* SwiftUIPageDemos.entitlements */ = {isa = PBXFileReference; lastKnownFileType = text.plist.entitlements; path = SwiftUIPageDemos.entitlements; sourceTree = "<group>"; };
		9ED968FD2B18B3EA00E3EF4F /* Preview Assets.xcassets */ = {isa = PBXFileReference; lastKnownFileType = folder.assetcatalog; path = "Preview Assets.xcassets"; sourceTree = "<group>"; };
		9ED968FF2B18B3EA00E3EF4F /* Info.plist */ = {isa = PBXFileReference; lastKnownFileType = text.plist.xml; path = Info.plist; sourceTree = "<group>"; };
		9ED969042B18B3EA00E3EF4F /* SwiftUIPageDemosTests.xctest */ = {isa = PBXFileReference; explicitFileType = wrapper.cfbundle; includeInIndex = 0; path = SwiftUIPageDemosTests.xctest; sourceTree = BUILT_PRODUCTS_DIR; };
		9ED969082B18B3EA00E3EF4F /* SwiftUIPageDemosTests.swift */ = {isa = PBXFileReference; lastKnownFileType = sourcecode.swift; path = SwiftUIPageDemosTests.swift; sourceTree = "<group>"; };
		9ED9690E2B18B3EA00E3EF4F /* SwiftUIPageDemosUITests.xctest */ = {isa = PBXFileReference; explicitFileType = wrapper.cfbundle; includeInIndex = 0; path = SwiftUIPageDemosUITests.xctest; sourceTree = BUILT_PRODUCTS_DIR; };
		9ED969122B18B3EA00E3EF4F /* SwiftUIPageDemosUITests.swift */ = {isa = PBXFileReference; lastKnownFileType = sourcecode.swift; path = SwiftUIPageDemosUITests.swift; sourceTree = "<group>"; };
		9ED969142B18B3EA00E3EF4F /* SwiftUIPageDemosUITestsLaunchTests.swift */ = {isa = PBXFileReference; lastKnownFileType = sourcecode.swift; path = SwiftUIPageDemosUITestsLaunchTests.swift; sourceTree = "<group>"; };
		9ED969212B18B9D900E3EF4F /* I18NResource */ = {isa = PBXFileReference; lastKnownFileType = wrapper; path = I18NResource; sourceTree = "<group>"; };
		9EDA96B02B1CC57F00A3B0DA /* DemoPages */ = {isa = PBXFileReference; lastKnownFileType = wrapper; path = DemoPages; sourceTree = "<group>"; };
/* End PBXFileReference section */

/* Begin PBXFrameworksBuildPhase section */
		9ED968ED2B18B3E900E3EF4F /* Frameworks */ = {
			isa = PBXFrameworksBuildPhase;
			buildActionMask = 2147483647;
			files = (
				9E7EF4E92B346C3A003142AF /* DemoPages in Frameworks */,
				9ED969242B18C42300E3EF4F /* I18NResource in Frameworks */,
			);
			runOnlyForDeploymentPostprocessing = 0;
		};
		9ED969012B18B3EA00E3EF4F /* Frameworks */ = {
			isa = PBXFrameworksBuildPhase;
			buildActionMask = 2147483647;
			files = (
			);
			runOnlyForDeploymentPostprocessing = 0;
		};
		9ED9690B2B18B3EA00E3EF4F /* Frameworks */ = {
			isa = PBXFrameworksBuildPhase;
			buildActionMask = 2147483647;
			files = (
			);
			runOnlyForDeploymentPostprocessing = 0;
		};
/* End PBXFrameworksBuildPhase section */

/* Begin PBXGroup section */
		9ED968E72B18B3E900E3EF4F = {
			isa = PBXGroup;
			children = (
				9EDA96B02B1CC57F00A3B0DA /* DemoPages */,
				9ED969212B18B9D900E3EF4F /* I18NResource */,
				9ED968F22B18B3E900E3EF4F /* SwiftUIPageDemos */,
				9ED969072B18B3EA00E3EF4F /* SwiftUIPageDemosTests */,
				9ED969112B18B3EA00E3EF4F /* SwiftUIPageDemosUITests */,
				9ED968F12B18B3E900E3EF4F /* Products */,
				9ED969222B18C42300E3EF4F /* Frameworks */,
			);
			sourceTree = "<group>";
		};
		9ED968F12B18B3E900E3EF4F /* Products */ = {
			isa = PBXGroup;
			children = (
				9ED968F02B18B3E900E3EF4F /* SwiftUIPageDemos.app */,
				9ED969042B18B3EA00E3EF4F /* SwiftUIPageDemosTests.xctest */,
				9ED9690E2B18B3EA00E3EF4F /* SwiftUIPageDemosUITests.xctest */,
			);
			name = Products;
			sourceTree = "<group>";
		};
		9ED968F22B18B3E900E3EF4F /* SwiftUIPageDemos */ = {
			isa = PBXGroup;
			children = (
				9ED968F92B18B3EA00E3EF4F /* Assets.xcassets */,
				9ED968FB2B18B3EA00E3EF4F /* SwiftUIPageDemos.entitlements */,
				9ED968FF2B18B3EA00E3EF4F /* Info.plist */,
				9ED968FC2B18B3EA00E3EF4F /* Preview Content */,
			);
			path = SwiftUIPageDemos;
			sourceTree = "<group>";
		};
		9ED968FC2B18B3EA00E3EF4F /* Preview Content */ = {
			isa = PBXGroup;
			children = (
				9ED968FD2B18B3EA00E3EF4F /* Preview Assets.xcassets */,
			);
			path = "Preview Content";
			sourceTree = "<group>";
		};
		9ED969072B18B3EA00E3EF4F /* SwiftUIPageDemosTests */ = {
			isa = PBXGroup;
			children = (
				9ED969082B18B3EA00E3EF4F /* SwiftUIPageDemosTests.swift */,
			);
			path = SwiftUIPageDemosTests;
			sourceTree = "<group>";
		};
		9ED969112B18B3EA00E3EF4F /* SwiftUIPageDemosUITests */ = {
			isa = PBXGroup;
			children = (
				9ED969122B18B3EA00E3EF4F /* SwiftUIPageDemosUITests.swift */,
				9ED969142B18B3EA00E3EF4F /* SwiftUIPageDemosUITestsLaunchTests.swift */,
			);
			path = SwiftUIPageDemosUITests;
			sourceTree = "<group>";
		};
		9ED969222B18C42300E3EF4F /* Frameworks */ = {
			isa = PBXGroup;
			children = (
			);
			name = Frameworks;
			sourceTree = "<group>";
		};
/* End PBXGroup section */

/* Begin PBXNativeTarget section */
		9ED968EF2B18B3E900E3EF4F /* SwiftUIPageDemos */ = {
			isa = PBXNativeTarget;
			buildConfigurationList = 9ED969182B18B3EA00E3EF4F /* Build configuration list for PBXNativeTarget "SwiftUIPageDemos" */;
			buildPhases = (
				9ED968EC2B18B3E900E3EF4F /* Sources */,
				9ED968ED2B18B3E900E3EF4F /* Frameworks */,
				9ED968EE2B18B3E900E3EF4F /* Resources */,
			);
			buildRules = (
			);
			dependencies = (
			);
			name = SwiftUIPageDemos;
			packageProductDependencies = (
				9ED969232B18C42300E3EF4F /* I18NResource */,
				9E7EF4E82B346C3A003142AF /* DemoPages */,
			);
			productName = SwiftUIPageDemos;
			productReference = 9ED968F02B18B3E900E3EF4F /* SwiftUIPageDemos.app */;
			productType = "com.apple.product-type.application";
		};
		9ED969032B18B3EA00E3EF4F /* SwiftUIPageDemosTests */ = {
			isa = PBXNativeTarget;
			buildConfigurationList = 9ED9691B2B18B3EA00E3EF4F /* Build configuration list for PBXNativeTarget "SwiftUIPageDemosTests" */;
			buildPhases = (
				9ED969002B18B3EA00E3EF4F /* Sources */,
				9ED969012B18B3EA00E3EF4F /* Frameworks */,
				9ED969022B18B3EA00E3EF4F /* Resources */,
			);
			buildRules = (
			);
			dependencies = (
				9ED969062B18B3EA00E3EF4F /* PBXTargetDependency */,
			);
			name = SwiftUIPageDemosTests;
			productName = SwiftUIPageDemosTests;
			productReference = 9ED969042B18B3EA00E3EF4F /* SwiftUIPageDemosTests.xctest */;
			productType = "com.apple.product-type.bundle.unit-test";
		};
		9ED9690D2B18B3EA00E3EF4F /* SwiftUIPageDemosUITests */ = {
			isa = PBXNativeTarget;
			buildConfigurationList = 9ED9691E2B18B3EA00E3EF4F /* Build configuration list for PBXNativeTarget "SwiftUIPageDemosUITests" */;
			buildPhases = (
				9ED9690A2B18B3EA00E3EF4F /* Sources */,
				9ED9690B2B18B3EA00E3EF4F /* Frameworks */,
				9ED9690C2B18B3EA00E3EF4F /* Resources */,
			);
			buildRules = (
			);
			dependencies = (
				9ED969102B18B3EA00E3EF4F /* PBXTargetDependency */,
			);
			name = SwiftUIPageDemosUITests;
			productName = SwiftUIPageDemosUITests;
			productReference = 9ED9690E2B18B3EA00E3EF4F /* SwiftUIPageDemosUITests.xctest */;
			productType = "com.apple.product-type.bundle.ui-testing";
		};
/* End PBXNativeTarget section */

/* Begin PBXProject section */
		9ED968E82B18B3E900E3EF4F /* Project object */ = {
			isa = PBXProject;
			attributes = {
				BuildIndependentTargetsInParallel = 1;
				LastSwiftUpdateCheck = 1510;
				LastUpgradeCheck = 1510;
				TargetAttributes = {
					9ED968EF2B18B3E900E3EF4F = {
						CreatedOnToolsVersion = 15.1;
					};
					9ED969032B18B3EA00E3EF4F = {
						CreatedOnToolsVersion = 15.1;
						TestTargetID = 9ED968EF2B18B3E900E3EF4F;
					};
					9ED9690D2B18B3EA00E3EF4F = {
						CreatedOnToolsVersion = 15.1;
						TestTargetID = 9ED968EF2B18B3E900E3EF4F;
					};
				};
			};
			buildConfigurationList = 9ED968EB2B18B3E900E3EF4F /* Build configuration list for PBXProject "SwiftUIPageDemos" */;
			compatibilityVersion = "Xcode 14.0";
			developmentRegion = en;
			hasScannedForEncodings = 0;
			knownRegions = (
				en,
				Base,
			);
			mainGroup = 9ED968E72B18B3E900E3EF4F;
			packageReferences = (
			);
			productRefGroup = 9ED968F12B18B3E900E3EF4F /* Products */;
			projectDirPath = "";
			projectRoot = "";
			targets = (
				9ED968EF2B18B3E900E3EF4F /* SwiftUIPageDemos */,
				9ED969032B18B3EA00E3EF4F /* SwiftUIPageDemosTests */,
				9ED9690D2B18B3EA00E3EF4F /* SwiftUIPageDemosUITests */,
			);
		};
/* End PBXProject section */

/* Begin PBXResourcesBuildPhase section */
		9ED968EE2B18B3E900E3EF4F /* Resources */ = {
			isa = PBXResourcesBuildPhase;
			buildActionMask = 2147483647;
			files = (
				9ED968FE2B18B3EA00E3EF4F /* Preview Assets.xcassets in Resources */,
				9ED968FA2B18B3EA00E3EF4F /* Assets.xcassets in Resources */,
			);
			runOnlyForDeploymentPostprocessing = 0;
		};
		9ED969022B18B3EA00E3EF4F /* Resources */ = {
			isa = PBXResourcesBuildPhase;
			buildActionMask = 2147483647;
			files = (
			);
			runOnlyForDeploymentPostprocessing = 0;
		};
		9ED9690C2B18B3EA00E3EF4F /* Resources */ = {
			isa = PBXResourcesBuildPhase;
			buildActionMask = 2147483647;
			files = (
			);
			runOnlyForDeploymentPostprocessing = 0;
		};
/* End PBXResourcesBuildPhase section */

/* Begin PBXSourcesBuildPhase section */
		9ED968EC2B18B3E900E3EF4F /* Sources */ = {
			isa = PBXSourcesBuildPhase;
			buildActionMask = 2147483647;
			files = (
			);
			runOnlyForDeploymentPostprocessing = 0;
		};
		9ED969002B18B3EA00E3EF4F /* Sources */ = {
			isa = PBXSourcesBuildPhase;
			buildActionMask = 2147483647;
			files = (
				9ED969092B18B3EA00E3EF4F /* SwiftUIPageDemosTests.swift in Sources */,
			);
			runOnlyForDeploymentPostprocessing = 0;
		};
		9ED9690A2B18B3EA00E3EF4F /* Sources */ = {
			isa = PBXSourcesBuildPhase;
			buildActionMask = 2147483647;
			files = (
				9ED969152B18B3EA00E3EF4F /* SwiftUIPageDemosUITestsLaunchTests.swift in Sources */,
				9ED969132B18B3EA00E3EF4F /* SwiftUIPageDemosUITests.swift in Sources */,
			);
			runOnlyForDeploymentPostprocessing = 0;
		};
/* End PBXSourcesBuildPhase section */

/* Begin PBXTargetDependency section */
		9ED969062B18B3EA00E3EF4F /* PBXTargetDependency */ = {
			isa = PBXTargetDependency;
			target = 9ED968EF2B18B3E900E3EF4F /* SwiftUIPageDemos */;
			targetProxy = 9ED969052B18B3EA00E3EF4F /* PBXContainerItemProxy */;
		};
		9ED969102B18B3EA00E3EF4F /* PBXTargetDependency */ = {
			isa = PBXTargetDependency;
			target = 9ED968EF2B18B3E900E3EF4F /* SwiftUIPageDemos */;
			targetProxy = 9ED9690F2B18B3EA00E3EF4F /* PBXContainerItemProxy */;
		};
/* End PBXTargetDependency section */

/* Begin XCBuildConfiguration section */
		9ED969162B18B3EA00E3EF4F /* Debug */ = {
			isa = XCBuildConfiguration;
			buildSettings = {
				ALWAYS_SEARCH_USER_PATHS = NO;
				ASSETCATALOG_COMPILER_GENERATE_SWIFT_ASSET_SYMBOL_EXTENSIONS = YES;
				CLANG_ANALYZER_NONNULL = YES;
				CLANG_ANALYZER_NUMBER_OBJECT_CONVERSION = YES_AGGRESSIVE;
				CLANG_CXX_LANGUAGE_STANDARD = "gnu++20";
				CLANG_ENABLE_MODULES = YES;
				CLANG_ENABLE_OBJC_ARC = YES;
				CLANG_ENABLE_OBJC_WEAK = YES;
				CLANG_WARN_BLOCK_CAPTURE_AUTORELEASING = YES;
				CLANG_WARN_BOOL_CONVERSION = YES;
				CLANG_WARN_COMMA = YES;
				CLANG_WARN_CONSTANT_CONVERSION = YES;
				CLANG_WARN_DEPRECATED_OBJC_IMPLEMENTATIONS = YES;
				CLANG_WARN_DIRECT_OBJC_ISA_USAGE = YES_ERROR;
				CLANG_WARN_DOCUMENTATION_COMMENTS = YES;
				CLANG_WARN_EMPTY_BODY = YES;
				CLANG_WARN_ENUM_CONVERSION = YES;
				CLANG_WARN_INFINITE_RECURSION = YES;
				CLANG_WARN_INT_CONVERSION = YES;
				CLANG_WARN_NON_LITERAL_NULL_CONVERSION = YES;
				CLANG_WARN_OBJC_IMPLICIT_RETAIN_SELF = YES;
				CLANG_WARN_OBJC_LITERAL_CONVERSION = YES;
				CLANG_WARN_OBJC_ROOT_CLASS = YES_ERROR;
				CLANG_WARN_QUOTED_INCLUDE_IN_FRAMEWORK_HEADER = YES;
				CLANG_WARN_RANGE_LOOP_ANALYSIS = YES;
				CLANG_WARN_STRICT_PROTOTYPES = YES;
				CLANG_WARN_SUSPICIOUS_MOVE = YES;
				CLANG_WARN_UNGUARDED_AVAILABILITY = YES_AGGRESSIVE;
				CLANG_WARN_UNREACHABLE_CODE = YES;
				CLANG_WARN__DUPLICATE_METHOD_MATCH = YES;
				COPY_PHASE_STRIP = NO;
				DEBUG_INFORMATION_FORMAT = dwarf;
				ENABLE_STRICT_OBJC_MSGSEND = YES;
				ENABLE_TESTABILITY = YES;
				ENABLE_USER_SCRIPT_SANDBOXING = YES;
				GCC_C_LANGUAGE_STANDARD = gnu17;
				GCC_DYNAMIC_NO_PIC = NO;
				GCC_NO_COMMON_BLOCKS = YES;
				GCC_OPTIMIZATION_LEVEL = 0;
				GCC_PREPROCESSOR_DEFINITIONS = (
					"DEBUG=1",
					"$(inherited)",
				);
				GCC_WARN_64_TO_32_BIT_CONVERSION = YES;
				GCC_WARN_ABOUT_RETURN_TYPE = YES_ERROR;
				GCC_WARN_UNDECLARED_SELECTOR = YES;
				GCC_WARN_UNINITIALIZED_AUTOS = YES_AGGRESSIVE;
				GCC_WARN_UNUSED_FUNCTION = YES;
				GCC_WARN_UNUSED_VARIABLE = YES;
				LOCALIZATION_PREFERS_STRING_CATALOGS = YES;
				MTL_ENABLE_DEBUG_INFO = INCLUDE_SOURCE;
				MTL_FAST_MATH = YES;
				ONLY_ACTIVE_ARCH = YES;
				SWIFT_ACTIVE_COMPILATION_CONDITIONS = "DEBUG $(inherited)";
				SWIFT_OPTIMIZATION_LEVEL = "-Onone";
			};
			name = Debug;
		};
		9ED969172B18B3EA00E3EF4F /* Release */ = {
			isa = XCBuildConfiguration;
			buildSettings = {
				ALWAYS_SEARCH_USER_PATHS = NO;
				ASSETCATALOG_COMPILER_GENERATE_SWIFT_ASSET_SYMBOL_EXTENSIONS = YES;
				CLANG_ANALYZER_NONNULL = YES;
				CLANG_ANALYZER_NUMBER_OBJECT_CONVERSION = YES_AGGRESSIVE;
				CLANG_CXX_LANGUAGE_STANDARD = "gnu++20";
				CLANG_ENABLE_MODULES = YES;
				CLANG_ENABLE_OBJC_ARC = YES;
				CLANG_ENABLE_OBJC_WEAK = YES;
				CLANG_WARN_BLOCK_CAPTURE_AUTORELEASING = YES;
				CLANG_WARN_BOOL_CONVERSION = YES;
				CLANG_WARN_COMMA = YES;
				CLANG_WARN_CONSTANT_CONVERSION = YES;
				CLANG_WARN_DEPRECATED_OBJC_IMPLEMENTATIONS = YES;
				CLANG_WARN_DIRECT_OBJC_ISA_USAGE = YES_ERROR;
				CLANG_WARN_DOCUMENTATION_COMMENTS = YES;
				CLANG_WARN_EMPTY_BODY = YES;
				CLANG_WARN_ENUM_CONVERSION = YES;
				CLANG_WARN_INFINITE_RECURSION = YES;
				CLANG_WARN_INT_CONVERSION = YES;
				CLANG_WARN_NON_LITERAL_NULL_CONVERSION = YES;
				CLANG_WARN_OBJC_IMPLICIT_RETAIN_SELF = YES;
				CLANG_WARN_OBJC_LITERAL_CONVERSION = YES;
				CLANG_WARN_OBJC_ROOT_CLASS = YES_ERROR;
				CLANG_WARN_QUOTED_INCLUDE_IN_FRAMEWORK_HEADER = YES;
				CLANG_WARN_RANGE_LOOP_ANALYSIS = YES;
				CLANG_WARN_STRICT_PROTOTYPES = YES;
				CLANG_WARN_SUSPICIOUS_MOVE = YES;
				CLANG_WARN_UNGUARDED_AVAILABILITY = YES_AGGRESSIVE;
				CLANG_WARN_UNREACHABLE_CODE = YES;
				CLANG_WARN__DUPLICATE_METHOD_MATCH = YES;
				COPY_PHASE_STRIP = NO;
				DEBUG_INFORMATION_FORMAT = "dwarf-with-dsym";
				ENABLE_NS_ASSERTIONS = NO;
				ENABLE_STRICT_OBJC_MSGSEND = YES;
				ENABLE_USER_SCRIPT_SANDBOXING = YES;
				GCC_C_LANGUAGE_STANDARD = gnu17;
				GCC_NO_COMMON_BLOCKS = YES;
				GCC_WARN_64_TO_32_BIT_CONVERSION = YES;
				GCC_WARN_ABOUT_RETURN_TYPE = YES_ERROR;
				GCC_WARN_UNDECLARED_SELECTOR = YES;
				GCC_WARN_UNINITIALIZED_AUTOS = YES_AGGRESSIVE;
				GCC_WARN_UNUSED_FUNCTION = YES;
				GCC_WARN_UNUSED_VARIABLE = YES;
				LOCALIZATION_PREFERS_STRING_CATALOGS = YES;
				MTL_ENABLE_DEBUG_INFO = NO;
				MTL_FAST_MATH = YES;
				SWIFT_COMPILATION_MODE = wholemodule;
			};
			name = Release;
		};
		9ED969192B18B3EA00E3EF4F /* Debug */ = {
			isa = XCBuildConfiguration;
			buildSettings = {
				ASSETCATALOG_COMPILER_APPICON_NAME = AppIcon;
				ASSETCATALOG_COMPILER_GLOBAL_ACCENT_COLOR_NAME = AccentColor;
				CODE_SIGN_ENTITLEMENTS = SwiftUIPageDemos/SwiftUIPageDemos.entitlements;
				CODE_SIGN_IDENTITY = "Apple Development";
				CODE_SIGN_STYLE = Automatic;
				CURRENT_PROJECT_VERSION = 1;
				DEVELOPMENT_ASSET_PATHS = "\"SwiftUIPageDemos/Preview Content\"";
				DEVELOPMENT_TEAM = P824VWJ2QJ;
				ENABLE_HARDENED_RUNTIME = YES;
				ENABLE_PREVIEWS = YES;
				GENERATE_INFOPLIST_FILE = YES;
				INFOPLIST_FILE = SwiftUIPageDemos/Info.plist;
				INFOPLIST_KEY_CFBundleDisplayName = UIDemos;
				INFOPLIST_KEY_LSApplicationCategoryType = "public.app-category.developer-tools";
				"INFOPLIST_KEY_UIApplicationSceneManifest_Generation[sdk=iphoneos*]" = YES;
				"INFOPLIST_KEY_UIApplicationSceneManifest_Generation[sdk=iphonesimulator*]" = YES;
				"INFOPLIST_KEY_UIApplicationSupportsIndirectInputEvents[sdk=iphoneos*]" = YES;
				"INFOPLIST_KEY_UIApplicationSupportsIndirectInputEvents[sdk=iphonesimulator*]" = YES;
				"INFOPLIST_KEY_UILaunchScreen_Generation[sdk=iphoneos*]" = YES;
				"INFOPLIST_KEY_UILaunchScreen_Generation[sdk=iphonesimulator*]" = YES;
				"INFOPLIST_KEY_UIStatusBarStyle[sdk=iphoneos*]" = UIStatusBarStyleDefault;
				"INFOPLIST_KEY_UIStatusBarStyle[sdk=iphonesimulator*]" = UIStatusBarStyleDefault;
				INFOPLIST_KEY_UISupportedInterfaceOrientations = UIInterfaceOrientationPortrait;
				INFOPLIST_KEY_UISupportedInterfaceOrientations_iPad = "UIInterfaceOrientationLandscapeLeft UIInterfaceOrientationLandscapeRight UIInterfaceOrientationPortrait";
				IPHONEOS_DEPLOYMENT_TARGET = 17.0;
				LD_RUNPATH_SEARCH_PATHS = "@executable_path/Frameworks";
				"LD_RUNPATH_SEARCH_PATHS[sdk=macosx*]" = "@executable_path/../Frameworks";
				MACOSX_DEPLOYMENT_TARGET = 14.0;
				MARKETING_VERSION = 1.0;
				PRODUCT_BUNDLE_IDENTIFIER = cc.jeffy.SwiftUIPageDemos;
				PRODUCT_NAME = "$(TARGET_NAME)";
				PROVISIONING_PROFILE_SPECIFIER = "";
				SDKROOT = auto;
				SUPPORTED_PLATFORMS = "iphoneos iphonesimulator macosx";
				SWIFT_EMIT_LOC_STRINGS = YES;
				SWIFT_VERSION = 5.0;
				TARGETED_DEVICE_FAMILY = "1,2";
			};
			name = Debug;
		};
		9ED9691A2B18B3EA00E3EF4F /* Release */ = {
			isa = XCBuildConfiguration;
			buildSettings = {
				ASSETCATALOG_COMPILER_APPICON_NAME = AppIcon;
				ASSETCATALOG_COMPILER_GLOBAL_ACCENT_COLOR_NAME = AccentColor;
				CODE_SIGN_ENTITLEMENTS = SwiftUIPageDemos/SwiftUIPageDemos.entitlements;
				CODE_SIGN_IDENTITY = "Apple Development";
				CODE_SIGN_STYLE = Automatic;
				CURRENT_PROJECT_VERSION = 1;
				DEVELOPMENT_ASSET_PATHS = "\"SwiftUIPageDemos/Preview Content\"";
				DEVELOPMENT_TEAM = P824VWJ2QJ;
				ENABLE_HARDENED_RUNTIME = YES;
				ENABLE_PREVIEWS = YES;
				GENERATE_INFOPLIST_FILE = YES;
				INFOPLIST_FILE = SwiftUIPageDemos/Info.plist;
				INFOPLIST_KEY_CFBundleDisplayName = UIDemos;
				INFOPLIST_KEY_LSApplicationCategoryType = "public.app-category.developer-tools";
				"INFOPLIST_KEY_UIApplicationSceneManifest_Generation[sdk=iphoneos*]" = YES;
				"INFOPLIST_KEY_UIApplicationSceneManifest_Generation[sdk=iphonesimulator*]" = YES;
				"INFOPLIST_KEY_UIApplicationSupportsIndirectInputEvents[sdk=iphoneos*]" = YES;
				"INFOPLIST_KEY_UIApplicationSupportsIndirectInputEvents[sdk=iphonesimulator*]" = YES;
				"INFOPLIST_KEY_UILaunchScreen_Generation[sdk=iphoneos*]" = YES;
				"INFOPLIST_KEY_UILaunchScreen_Generation[sdk=iphonesimulator*]" = YES;
				"INFOPLIST_KEY_UIStatusBarStyle[sdk=iphoneos*]" = UIStatusBarStyleDefault;
				"INFOPLIST_KEY_UIStatusBarStyle[sdk=iphonesimulator*]" = UIStatusBarStyleDefault;
				INFOPLIST_KEY_UISupportedInterfaceOrientations = UIInterfaceOrientationPortrait;
				INFOPLIST_KEY_UISupportedInterfaceOrientations_iPad = "UIInterfaceOrientationLandscapeLeft UIInterfaceOrientationLandscapeRight UIInterfaceOrientationPortrait";
				IPHONEOS_DEPLOYMENT_TARGET = 17.0;
				LD_RUNPATH_SEARCH_PATHS = "@executable_path/Frameworks";
				"LD_RUNPATH_SEARCH_PATHS[sdk=macosx*]" = "@executable_path/../Frameworks";
				MACOSX_DEPLOYMENT_TARGET = 14.0;
				MARKETING_VERSION = 1.0;
				PRODUCT_BUNDLE_IDENTIFIER = cc.jeffy.SwiftUIPageDemos;
				PRODUCT_NAME = "$(TARGET_NAME)";
				PROVISIONING_PROFILE_SPECIFIER = "";
				SDKROOT = auto;
				SUPPORTED_PLATFORMS = "iphoneos iphonesimulator macosx";
				SWIFT_EMIT_LOC_STRINGS = YES;
				SWIFT_VERSION = 5.0;
				TARGETED_DEVICE_FAMILY = "1,2";
			};
			name = Release;
		};
		9ED9691C2B18B3EA00E3EF4F /* Debug */ = {
			isa = XCBuildConfiguration;
			buildSettings = {
				BUNDLE_LOADER = "$(TEST_HOST)";
				CODE_SIGN_STYLE = Automatic;
				CURRENT_PROJECT_VERSION = 1;
				DEVELOPMENT_TEAM = P824VWJ2QJ;
				GENERATE_INFOPLIST_FILE = YES;
				IPHONEOS_DEPLOYMENT_TARGET = 17.2;
				MACOSX_DEPLOYMENT_TARGET = 14.0;
				MARKETING_VERSION = 1.0;
				PRODUCT_BUNDLE_IDENTIFIER = cc.wonderjeffy.SwiftUIPageDemosTests;
				PRODUCT_NAME = "$(TARGET_NAME)";
				SDKROOT = auto;
				SUPPORTED_PLATFORMS = "iphoneos iphonesimulator macosx";
				SWIFT_EMIT_LOC_STRINGS = NO;
				SWIFT_VERSION = 5.0;
				TARGETED_DEVICE_FAMILY = "1,2";
				TEST_HOST = "$(BUILT_PRODUCTS_DIR)/SwiftUIPageDemos.app/$(BUNDLE_EXECUTABLE_FOLDER_PATH)/SwiftUIPageDemos";
			};
			name = Debug;
		};
		9ED9691D2B18B3EA00E3EF4F /* Release */ = {
			isa = XCBuildConfiguration;
			buildSettings = {
				BUNDLE_LOADER = "$(TEST_HOST)";
				CODE_SIGN_STYLE = Automatic;
				CURRENT_PROJECT_VERSION = 1;
				DEVELOPMENT_TEAM = P824VWJ2QJ;
				GENERATE_INFOPLIST_FILE = YES;
				IPHONEOS_DEPLOYMENT_TARGET = 17.2;
				MACOSX_DEPLOYMENT_TARGET = 14.0;
				MARKETING_VERSION = 1.0;
				PRODUCT_BUNDLE_IDENTIFIER = cc.wonderjeffy.SwiftUIPageDemosTests;
				PRODUCT_NAME = "$(TARGET_NAME)";
				SDKROOT = auto;
				SUPPORTED_PLATFORMS = "iphoneos iphonesimulator macosx";
				SWIFT_EMIT_LOC_STRINGS = NO;
				SWIFT_VERSION = 5.0;
				TARGETED_DEVICE_FAMILY = "1,2";
				TEST_HOST = "$(BUILT_PRODUCTS_DIR)/SwiftUIPageDemos.app/$(BUNDLE_EXECUTABLE_FOLDER_PATH)/SwiftUIPageDemos";
			};
			name = Release;
		};
		9ED9691F2B18B3EA00E3EF4F /* Debug */ = {
			isa = XCBuildConfiguration;
			buildSettings = {
				CODE_SIGN_STYLE = Automatic;
				CURRENT_PROJECT_VERSION = 1;
				DEVELOPMENT_TEAM = P824VWJ2QJ;
				GENERATE_INFOPLIST_FILE = YES;
				IPHONEOS_DEPLOYMENT_TARGET = 17.2;
				MACOSX_DEPLOYMENT_TARGET = 14.0;
				MARKETING_VERSION = 1.0;
				PRODUCT_BUNDLE_IDENTIFIER = cc.wonderjeffy.SwiftUIPageDemosUITests;
				PRODUCT_NAME = "$(TARGET_NAME)";
				SDKROOT = auto;
				SUPPORTED_PLATFORMS = "iphoneos iphonesimulator macosx";
				SWIFT_EMIT_LOC_STRINGS = NO;
				SWIFT_VERSION = 5.0;
				TARGETED_DEVICE_FAMILY = "1,2";
				TEST_TARGET_NAME = SwiftUIPageDemos;
			};
			name = Debug;
		};
		9ED969202B18B3EA00E3EF4F /* Release */ = {
			isa = XCBuildConfiguration;
			buildSettings = {
				CODE_SIGN_STYLE = Automatic;
				CURRENT_PROJECT_VERSION = 1;
				DEVELOPMENT_TEAM = P824VWJ2QJ;
				GENERATE_INFOPLIST_FILE = YES;
				IPHONEOS_DEPLOYMENT_TARGET = 17.2;
				MACOSX_DEPLOYMENT_TARGET = 14.0;
				MARKETING_VERSION = 1.0;
				PRODUCT_BUNDLE_IDENTIFIER = cc.wonderjeffy.SwiftUIPageDemosUITests;
				PRODUCT_NAME = "$(TARGET_NAME)";
				SDKROOT = auto;
				SUPPORTED_PLATFORMS = "iphoneos iphonesimulator macosx";
				SWIFT_EMIT_LOC_STRINGS = NO;
				SWIFT_VERSION = 5.0;
				TARGETED_DEVICE_FAMILY = "1,2";
				TEST_TARGET_NAME = SwiftUIPageDemos;
			};
			name = Release;
		};
/* End XCBuildConfiguration section */

/* Begin XCConfigurationList section */
		9ED968EB2B18B3E900E3EF4F /* Build configuration list for PBXProject "SwiftUIPageDemos" */ = {
			isa = XCConfigurationList;
			buildConfigurations = (
				9ED969162B18B3EA00E3EF4F /* Debug */,
				9ED969172B18B3EA00E3EF4F /* Release */,
			);
			defaultConfigurationIsVisible = 0;
			defaultConfigurationName = Release;
		};
		9ED969182B18B3EA00E3EF4F /* Build configuration list for PBXNativeTarget "SwiftUIPageDemos" */ = {
			isa = XCConfigurationList;
			buildConfigurations = (
				9ED969192B18B3EA00E3EF4F /* Debug */,
				9ED9691A2B18B3EA00E3EF4F /* Release */,
			);
			defaultConfigurationIsVisible = 0;
			defaultConfigurationName = Release;
		};
		9ED9691B2B18B3EA00E3EF4F /* Build configuration list for PBXNativeTarget "SwiftUIPageDemosTests" */ = {
			isa = XCConfigurationList;
			buildConfigurations = (
				9ED9691C2B18B3EA00E3EF4F /* Debug */,
				9ED9691D2B18B3EA00E3EF4F /* Release */,
			);
			defaultConfigurationIsVisible = 0;
			defaultConfigurationName = Release;
		};
		9ED9691E2B18B3EA00E3EF4F /* Build configuration list for PBXNativeTarget "SwiftUIPageDemosUITests" */ = {
			isa = XCConfigurationList;
			buildConfigurations = (
				9ED9691F2B18B3EA00E3EF4F /* Debug */,
				9ED969202B18B3EA00E3EF4F /* Release */,
			);
			defaultConfigurationIsVisible = 0;
			defaultConfigurationName = Release;
		};
/* End XCConfigurationList section */

/* Begin XCSwiftPackageProductDependency section */
		9E7EF4E82B346C3A003142AF /* DemoPages */ = {
			isa = XCSwiftPackageProductDependency;
			productName = DemoPages;
		};
		9ED969232B18C42300E3EF4F /* I18NResource */ = {
			isa = XCSwiftPackageProductDependency;
			productName = I18NResource;
		};
/* End XCSwiftPackageProductDependency section */
	};
	rootObject = 9ED968E82B18B3E900E3EF4F /* Project object */;
}
